// !$*UTF8*$!
{
	archiveVersion = 1;
	classes = {
	};
	objectVersion = 46;
	objects = {

/* Begin PBXBuildFile section */
		597392611E2F7FF700AB562E /* AppDelegate.swift in Sources */ = {isa = PBXBuildFile; fileRef = 597392601E2F7FF700AB562E /* AppDelegate.swift */; };
		597392631E2F7FF700AB562E /* ViewController.swift in Sources */ = {isa = PBXBuildFile; fileRef = 597392621E2F7FF700AB562E /* ViewController.swift */; };
		597392661E2F7FF700AB562E /* Main.storyboard in Resources */ = {isa = PBXBuildFile; fileRef = 597392641E2F7FF700AB562E /* Main.storyboard */; };
		597392681E2F7FF700AB562E /* Assets.xcassets in Resources */ = {isa = PBXBuildFile; fileRef = 597392671E2F7FF700AB562E /* Assets.xcassets */; };
		5973926B1E2F7FF700AB562E /* LaunchScreen.storyboard in Resources */ = {isa = PBXBuildFile; fileRef = 597392691E2F7FF700AB562E /* LaunchScreen.storyboard */; };
		597392761E2F7FF800AB562E /* OutBuildingTests.swift in Sources */ = {isa = PBXBuildFile; fileRef = 597392751E2F7FF800AB562E /* OutBuildingTests.swift */; };
/* End PBXBuildFile section */

/* Begin PBXContainerItemProxy section */
		597392721E2F7FF800AB562E /* PBXContainerItemProxy */ = {
			isa = PBXContainerItemProxy;
			containerPortal = 597392551E2F7FF700AB562E /* Project object */;
			proxyType = 1;
			remoteGlobalIDString = 5973925C1E2F7FF700AB562E;
			remoteInfo = OutBuilding;
		};
/* End PBXContainerItemProxy section */

/* Begin PBXFileReference section */
		5973925D1E2F7FF700AB562E /* OutBuilding.app */ = {isa = PBXFileReference; explicitFileType = wrapper.application; includeInIndex = 0; path = OutBuilding.app; sourceTree = BUILT_PRODUCTS_DIR; };
		597392601E2F7FF700AB562E /* AppDelegate.swift */ = {isa = PBXFileReference; lastKnownFileType = sourcecode.swift; path = AppDelegate.swift; sourceTree = "<group>"; };
		597392621E2F7FF700AB562E /* ViewController.swift */ = {isa = PBXFileReference; lastKnownFileType = sourcecode.swift; path = ViewController.swift; sourceTree = "<group>"; };
		597392651E2F7FF700AB562E /* Base */ = {isa = PBXFileReference; lastKnownFileType = file.storyboard; name = Base; path = Base.lproj/Main.storyboard; sourceTree = "<group>"; };
		597392671E2F7FF700AB562E /* Assets.xcassets */ = {isa = PBXFileReference; lastKnownFileType = folder.assetcatalog; path = Assets.xcassets; sourceTree = "<group>"; };
		5973926A1E2F7FF700AB562E /* Base */ = {isa = PBXFileReference; lastKnownFileType = file.storyboard; name = Base; path = Base.lproj/LaunchScreen.storyboard; sourceTree = "<group>"; };
		5973926C1E2F7FF700AB562E /* Info.plist */ = {isa = PBXFileReference; lastKnownFileType = text.plist.xml; path = Info.plist; sourceTree = "<group>"; };
		597392711E2F7FF800AB562E /* OutBuildingTests.xctest */ = {isa = PBXFileReference; explicitFileType = wrapper.cfbundle; includeInIndex = 0; path = OutBuildingTests.xctest; sourceTree = BUILT_PRODUCTS_DIR; };
		597392751E2F7FF800AB562E /* OutBuildingTests.swift */ = {isa = PBXFileReference; lastKnownFileType = sourcecode.swift; path = OutBuildingTests.swift; sourceTree = "<group>"; };
		597392771E2F7FF800AB562E /* Info.plist */ = {isa = PBXFileReference; lastKnownFileType = text.plist.xml; path = Info.plist; sourceTree = "<group>"; };
/* End PBXFileReference section */

/* Begin PBXFrameworksBuildPhase section */
		5973925A1E2F7FF700AB562E /* Frameworks */ = {
			isa = PBXFrameworksBuildPhase;
			buildActionMask = 2147483647;
			files = (
			);
			runOnlyForDeploymentPostprocessing = 0;
		};
		5973926E1E2F7FF800AB562E /* Frameworks */ = {
			isa = PBXFrameworksBuildPhase;
			buildActionMask = 2147483647;
			files = (
			);
			runOnlyForDeploymentPostprocessing = 0;
		};
/* End PBXFrameworksBuildPhase section */

/* Begin PBXGroup section */
		597392541E2F7FF700AB562E = {
			isa = PBXGroup;
			children = (
				5973925F1E2F7FF700AB562E /* OutBuilding */,
				597392741E2F7FF800AB562E /* OutBuildingTests */,
				5973925E1E2F7FF700AB562E /* Products */,
			);
			sourceTree = "<group>";
		};
		5973925E1E2F7FF700AB562E /* Products */ = {
			isa = PBXGroup;
			children = (
				5973925D1E2F7FF700AB562E /* OutBuilding.app */,
				597392711E2F7FF800AB562E /* OutBuildingTests.xctest */,
			);
			name = Products;
			sourceTree = "<group>";
		};
		5973925F1E2F7FF700AB562E /* OutBuilding */ = {
			isa = PBXGroup;
			children = (
				597392601E2F7FF700AB562E /* AppDelegate.swift */,
				597392621E2F7FF700AB562E /* ViewController.swift */,
				597392641E2F7FF700AB562E /* Main.storyboard */,
				597392671E2F7FF700AB562E /* Assets.xcassets */,
				597392691E2F7FF700AB562E /* LaunchScreen.storyboard */,
				5973926C1E2F7FF700AB562E /* Info.plist */,
			);
			path = OutBuilding;
			sourceTree = "<group>";
		};
		597392741E2F7FF800AB562E /* OutBuildingTests */ = {
			isa = PBXGroup;
			children = (
				597392751E2F7FF800AB562E /* OutBuildingTests.swift */,
				597392771E2F7FF800AB562E /* Info.plist */,
			);
			path = OutBuildingTests;
			sourceTree = "<group>";
		};
/* End PBXGroup section */

/* Begin PBXNativeTarget section */
		5973925C1E2F7FF700AB562E /* OutBuilding */ = {
			isa = PBXNativeTarget;
			buildConfigurationList = 5973927A1E2F7FF800AB562E /* Build configuration list for PBXNativeTarget "OutBuilding" */;
			buildPhases = (
				597392591E2F7FF700AB562E /* Sources */,
				5973925A1E2F7FF700AB562E /* Frameworks */,
				5973925B1E2F7FF700AB562E /* Resources */,
			);
			buildRules = (
			);
			dependencies = (
			);
			name = OutBuilding;
			productName = OutBuilding;
			productReference = 5973925D1E2F7FF700AB562E /* OutBuilding.app */;
			productType = "com.apple.product-type.application";
		};
		597392701E2F7FF800AB562E /* OutBuildingTests */ = {
			isa = PBXNativeTarget;
			buildConfigurationList = 5973927D1E2F7FF800AB562E /* Build configuration list for PBXNativeTarget "OutBuildingTests" */;
			buildPhases = (
				5973926D1E2F7FF800AB562E /* Sources */,
				5973926E1E2F7FF800AB562E /* Frameworks */,
				5973926F1E2F7FF800AB562E /* Resources */,
			);
			buildRules = (
			);
			dependencies = (
				597392731E2F7FF800AB562E /* PBXTargetDependency */,
			);
			name = OutBuildingTests;
			productName = OutBuildingTests;
			productReference = 597392711E2F7FF800AB562E /* OutBuildingTests.xctest */;
			productType = "com.apple.product-type.bundle.unit-test";
		};
/* End PBXNativeTarget section */

/* Begin PBXProject section */
		597392551E2F7FF700AB562E /* Project object */ = {
			isa = PBXProject;
			attributes = {
				LastSwiftUpdateCheck = 0820;
				LastUpgradeCheck = 0820;
				ORGANIZATIONNAME = OutSystems;
				TargetAttributes = {
					5973925C1E2F7FF700AB562E = {
						CreatedOnToolsVersion = 8.2.1;
						ProvisioningStyle = Automatic;
					};
					597392701E2F7FF800AB562E = {
						CreatedOnToolsVersion = 8.2.1;
						ProvisioningStyle = Automatic;
						TestTargetID = 5973925C1E2F7FF700AB562E;
					};
				};
			};
			buildConfigurationList = 597392581E2F7FF700AB562E /* Build configuration list for PBXProject "OutBuilding" */;
			compatibilityVersion = "Xcode 3.2";
			developmentRegion = English;
			hasScannedForEncodings = 0;
			knownRegions = (
				en,
				Base,
			);
			mainGroup = 597392541E2F7FF700AB562E;
			productRefGroup = 5973925E1E2F7FF700AB562E /* Products */;
			projectDirPath = "";
			projectRoot = "";
			targets = (
				5973925C1E2F7FF700AB562E /* OutBuilding */,
				597392701E2F7FF800AB562E /* OutBuildingTests */,
			);
		};
/* End PBXProject section */

/* Begin PBXResourcesBuildPhase section */
		5973925B1E2F7FF700AB562E /* Resources */ = {
			isa = PBXResourcesBuildPhase;
			buildActionMask = 2147483647;
			files = (
				5973926B1E2F7FF700AB562E /* LaunchScreen.storyboard in Resources */,
				597392681E2F7FF700AB562E /* Assets.xcassets in Resources */,
				597392661E2F7FF700AB562E /* Main.storyboard in Resources */,
			);
			runOnlyForDeploymentPostprocessing = 0;
		};
		5973926F1E2F7FF800AB562E /* Resources */ = {
			isa = PBXResourcesBuildPhase;
			buildActionMask = 2147483647;
			files = (
			);
			runOnlyForDeploymentPostprocessing = 0;
		};
/* End PBXResourcesBuildPhase section */

/* Begin PBXSourcesBuildPhase section */
		597392591E2F7FF700AB562E /* Sources */ = {
			isa = PBXSourcesBuildPhase;
			buildActionMask = 2147483647;
			files = (
				597392631E2F7FF700AB562E /* ViewController.swift in Sources */,
				597392611E2F7FF700AB562E /* AppDelegate.swift in Sources */,
			);
			runOnlyForDeploymentPostprocessing = 0;
		};
		5973926D1E2F7FF800AB562E /* Sources */ = {
			isa = PBXSourcesBuildPhase;
			buildActionMask = 2147483647;
			files = (
				597392761E2F7FF800AB562E /* OutBuildingTests.swift in Sources */,
			);
			runOnlyForDeploymentPostprocessing = 0;
		};
/* End PBXSourcesBuildPhase section */

/* Begin PBXTargetDependency section */
		597392731E2F7FF800AB562E /* PBXTargetDependency */ = {
			isa = PBXTargetDependency;
			target = 5973925C1E2F7FF700AB562E /* OutBuilding */;
			targetProxy = 597392721E2F7FF800AB562E /* PBXContainerItemProxy */;
		};
/* End PBXTargetDependency section */

/* Begin PBXVariantGroup section */
		597392641E2F7FF700AB562E /* Main.storyboard */ = {
			isa = PBXVariantGroup;
			children = (
				597392651E2F7FF700AB562E /* Base */,
			);
			name = Main.storyboard;
			sourceTree = "<group>";
		};
		597392691E2F7FF700AB562E /* LaunchScreen.storyboard */ = {
			isa = PBXVariantGroup;
			children = (
				5973926A1E2F7FF700AB562E /* Base */,
			);
			name = LaunchScreen.storyboard;
			sourceTree = "<group>";
		};
/* End PBXVariantGroup section */

/* Begin XCBuildConfiguration section */
		597392781E2F7FF800AB562E /* Debug */ = {
			isa = XCBuildConfiguration;
			buildSettings = {
				ALWAYS_SEARCH_USER_PATHS = NO;
				CLANG_ANALYZER_NONNULL = YES;
				CLANG_CXX_LANGUAGE_STANDARD = "gnu++0x";
				CLANG_CXX_LIBRARY = "libc++";
				CLANG_ENABLE_MODULES = YES;
				CLANG_ENABLE_OBJC_ARC = YES;
				CLANG_WARN_BOOL_CONVERSION = YES;
				CLANG_WARN_CONSTANT_CONVERSION = YES;
				CLANG_WARN_DIRECT_OBJC_ISA_USAGE = YES_ERROR;
				CLANG_WARN_DOCUMENTATION_COMMENTS = YES;
				CLANG_WARN_EMPTY_BODY = YES;
				CLANG_WARN_ENUM_CONVERSION = YES;
				CLANG_WARN_INFINITE_RECURSION = YES;
				CLANG_WARN_INT_CONVERSION = YES;
				CLANG_WARN_OBJC_ROOT_CLASS = YES_ERROR;
				CLANG_WARN_SUSPICIOUS_MOVE = YES;
				CLANG_WARN_UNREACHABLE_CODE = YES;
				CLANG_WARN__DUPLICATE_METHOD_MATCH = YES;
				"CODE_SIGN_IDENTITY[sdk=iphoneos*]" = "iPhone Developer";
				COPY_PHASE_STRIP = NO;
				DEBUG_INFORMATION_FORMAT = dwarf;
				ENABLE_STRICT_OBJC_MSGSEND = YES;
				ENABLE_TESTABILITY = YES;
				GCC_C_LANGUAGE_STANDARD = gnu99;
				GCC_DYNAMIC_NO_PIC = NO;
				GCC_NO_COMMON_BLOCKS = YES;
				GCC_OPTIMIZATION_LEVEL = 0;
				GCC_PREPROCESSOR_DEFINITIONS = (
					"DEBUG=1",
					"$(inherited)",
				);
				GCC_WARN_64_TO_32_BIT_CONVERSION = YES;
				GCC_WARN_ABOUT_RETURN_TYPE = YES_ERROR;
				GCC_WARN_UNDECLARED_SELECTOR = YES;
				GCC_WARN_UNINITIALIZED_AUTOS = YES_AGGRESSIVE;
				GCC_WARN_UNUSED_FUNCTION = YES;
				GCC_WARN_UNUSED_VARIABLE = YES;
				IPHONEOS_DEPLOYMENT_TARGET = 10.2;
				MTL_ENABLE_DEBUG_INFO = YES;
				ONLY_ACTIVE_ARCH = YES;
				SDKROOT = iphoneos;
				SWIFT_ACTIVE_COMPILATION_CONDITIONS = DEBUG;
				SWIFT_OPTIMIZATION_LEVEL = "-Onone";
			};
			name = Debug;
		};
		597392791E2F7FF800AB562E /* Release */ = {
			isa = XCBuildConfiguration;
			buildSettings = {
				ALWAYS_SEARCH_USER_PATHS = NO;
				CLANG_ANALYZER_NONNULL = YES;
				CLANG_CXX_LANGUAGE_STANDARD = "gnu++0x";
				CLANG_CXX_LIBRARY = "libc++";
				CLANG_ENABLE_MODULES = YES;
				CLANG_ENABLE_OBJC_ARC = YES;
				CLANG_WARN_BOOL_CONVERSION = YES;
				CLANG_WARN_CONSTANT_CONVERSION = YES;
				CLANG_WARN_DIRECT_OBJC_ISA_USAGE = YES_ERROR;
				CLANG_WARN_DOCUMENTATION_COMMENTS = YES;
				CLANG_WARN_EMPTY_BODY = YES;
				CLANG_WARN_ENUM_CONVERSION = YES;
				CLANG_WARN_INFINITE_RECURSION = YES;
				CLANG_WARN_INT_CONVERSION = YES;
				CLANG_WARN_OBJC_ROOT_CLASS = YES_ERROR;
				CLANG_WARN_SUSPICIOUS_MOVE = YES;
				CLANG_WARN_UNREACHABLE_CODE = YES;
				CLANG_WARN__DUPLICATE_METHOD_MATCH = YES;
				"CODE_SIGN_IDENTITY[sdk=iphoneos*]" = "iPhone Developer";
				COPY_PHASE_STRIP = NO;
				DEBUG_INFORMATION_FORMAT = "dwarf-with-dsym";
				ENABLE_NS_ASSERTIONS = NO;
				ENABLE_STRICT_OBJC_MSGSEND = YES;
				GCC_C_LANGUAGE_STANDARD = gnu99;
				GCC_NO_COMMON_BLOCKS = YES;
				GCC_WARN_64_TO_32_BIT_CONVERSION = YES;
				GCC_WARN_ABOUT_RETURN_TYPE = YES_ERROR;
				GCC_WARN_UNDECLARED_SELECTOR = YES;
				GCC_WARN_UNINITIALIZED_AUTOS = YES_AGGRESSIVE;
				GCC_WARN_UNUSED_FUNCTION = YES;
				GCC_WARN_UNUSED_VARIABLE = YES;
				IPHONEOS_DEPLOYMENT_TARGET = 10.2;
				MTL_ENABLE_DEBUG_INFO = NO;
				SDKROOT = iphoneos;
				SWIFT_OPTIMIZATION_LEVEL = "-Owholemodule";
				VALIDATE_PRODUCT = YES;
			};
			name = Release;
		};
		5973927B1E2F7FF800AB562E /* Debug */ = {
			isa = XCBuildConfiguration;
			buildSettings = {
				ASSETCATALOG_COMPILER_APPICON_NAME = AppIcon;
				INFOPLIST_FILE = OutBuilding/Info.plist;
				LD_RUNPATH_SEARCH_PATHS = "$(inherited) @executable_path/Frameworks";
				PRODUCT_BUNDLE_IDENTIFIER = com.outsystems.OutBuilding;
				PRODUCT_NAME = "$(TARGET_NAME)";
				SWIFT_VERSION = 3.0;
			};
			name = Debug;
		};
		5973927C1E2F7FF800AB562E /* Release */ = {
			isa = XCBuildConfiguration;
			buildSettings = {
				ASSETCATALOG_COMPILER_APPICON_NAME = AppIcon;
				INFOPLIST_FILE = OutBuilding/Info.plist;
				LD_RUNPATH_SEARCH_PATHS = "$(inherited) @executable_path/Frameworks";
				PRODUCT_BUNDLE_IDENTIFIER = com.outsystems.OutBuilding;
				PRODUCT_NAME = "$(TARGET_NAME)";
				SWIFT_VERSION = 3.0;
			};
			name = Release;
		};
		5973927E1E2F7FF800AB562E /* Debug */ = {
			isa = XCBuildConfiguration;
			buildSettings = {
				ALWAYS_EMBED_SWIFT_STANDARD_LIBRARIES = YES;
				BUNDLE_LOADER = "$(TEST_HOST)";
				INFOPLIST_FILE = OutBuildingTests/Info.plist;
				LD_RUNPATH_SEARCH_PATHS = "$(inherited) @executable_path/Frameworks @loader_path/Frameworks";
				PRODUCT_BUNDLE_IDENTIFIER = com.outsystems.OutBuildingTests;
				PRODUCT_NAME = "$(TARGET_NAME)";
				SWIFT_VERSION = 3.0;
				TEST_HOST = "$(BUILT_PRODUCTS_DIR)/OutBuilding.app/OutBuilding";
			};
			name = Debug;
		};
		5973927F1E2F7FF800AB562E /* Release */ = {
			isa = XCBuildConfiguration;
			buildSettings = {
				ALWAYS_EMBED_SWIFT_STANDARD_LIBRARIES = YES;
				BUNDLE_LOADER = "$(TEST_HOST)";
				INFOPLIST_FILE = OutBuildingTests/Info.plist;
				LD_RUNPATH_SEARCH_PATHS = "$(inherited) @executable_path/Frameworks @loader_path/Frameworks";
				PRODUCT_BUNDLE_IDENTIFIER = com.outsystems.OutBuildingTests;
				PRODUCT_NAME = "$(TARGET_NAME)";
				SWIFT_VERSION = 3.0;
				TEST_HOST = "$(BUILT_PRODUCTS_DIR)/OutBuilding.app/OutBuilding";
			};
			name = Release;
		};
/* End XCBuildConfiguration section */

/* Begin XCConfigurationList section */
		597392581E2F7FF700AB562E /* Build configuration list for PBXProject "OutBuilding" */ = {
			isa = XCConfigurationList;
			buildConfigurations = (
				597392781E2F7FF800AB562E /* Debug */,
				597392791E2F7FF800AB562E /* Release */,
			);
			defaultConfigurationIsVisible = 0;
			defaultConfigurationName = Release;
		};
		5973927A1E2F7FF800AB562E /* Build configuration list for PBXNativeTarget "OutBuilding" */ = {
			isa = XCConfigurationList;
			buildConfigurations = (
				5973927B1E2F7FF800AB562E /* Debug */,
				5973927C1E2F7FF800AB562E /* Release */,
			);
			defaultConfigurationIsVisible = 0;
		};
		5973927D1E2F7FF800AB562E /* Build configuration list for PBXNativeTarget "OutBuildingTests" */ = {
			isa = XCConfigurationList;
			buildConfigurations = (
				5973927E1E2F7FF800AB562E /* Debug */,
				5973927F1E2F7FF800AB562E /* Release */,
			);
			defaultConfigurationIsVisible = 0;
		};
/* End XCConfigurationList section */
	};
	rootObject = 597392551E2F7FF700AB562E /* Project object */;
}
